{
  "version": 2,
  "packages": {
    "constantine": {
      "version": "0.2.1",
      "vcsRevision": "6acaa924987b6fa69a0cd173e17cd3afdc244e4d",
      "url": "https://github.com/durability-labs/constantine",
      "downloadMethod": "git",
      "dependencies": [],
      "checksums": {
        "sha1": "93cbea554e2c5c69ab158ccef731a2848a069627"
      }
    }
  },
  "tasks": {}
}
